Microsoft Visual Studio Solution File, Format Version 12.00
# Visual Studio Version 17
VisualStudioVersion = 17.5.2.0
MinimumVisualStudioVersion = 10.0.40219.1
Project("{2150E333-8FDC-42A3-9474-1A3956D46DE8}") = "csharp", "csharp", "{B41BF331-FCCB-2ADF-CDB6-767964B34647}"
EndProject
Project("{FAE04EC0-301F-11D3-BF4B-00C04F79EFBC}") = "TerrainSimCs", "csharp\TerrainSimCs\TerrainSimCs.csproj", "{C8C9110F-E365-296D-028C-1BBE0D147EBB}"
EndProject
Global
	GlobalSection(SolutionConfigurationPlatforms) = preSolution
		Debug|Any CPU = Debug|Any CPU
		Release|Any CPU = Release|Any CPU
	EndGlobalSection
	GlobalSection(ProjectConfigurationPlatforms) = postSolution
		{C8C9110F-E365-296D-028C-1BBE0D147EBB}.Debug|Any CPU.ActiveCfg = Debug|Any CPU
		{C8C9110F-E365-296D-028C-1BBE0D147EBB}.Debug|Any CPU.Build.0 = Debug|Any CPU
		{C8C9110F-E365-296D-028C-1BBE0D147EBB}.Release|Any CPU.ActiveCfg = Release|Any CPU
		{C8C9110F-E365-296D-028C-1BBE0D147EBB}.Release|Any CPU.Build.0 = Release|Any CPU
	EndGlobalSection
	GlobalSection(SolutionProperties) = preSolution
		HideSolutionNode = FALSE
	EndGlobalSection
	GlobalSection(NestedProjects) = preSolution
		{C8C9110F-E365-296D-028C-1BBE0D147EBB} = {B41BF331-FCCB-2ADF-CDB6-767964B34647}
	EndGlobalSection
	GlobalSection(ExtensibilityGlobals) = postSolution
		SolutionGuid = {0FEEEA67-3FDC-423A-B4FD-64381AFFF684}
	EndGlobalSection
EndGlobal
